// !$*UTF8*$!
{
	archiveVersion = 1;
	classes = {
	};
	objectVersion = 50;
	objects = {

/* Begin PBXBuildFile section */
		A629A30825EE9BD3009B11BD /* TravelOnBoardingApp.swift in Sources */ = {isa = PBXBuildFile; fileRef = A629A30725EE9BD3009B11BD /* TravelOnBoardingApp.swift */; };
		A629A30A25EE9BD3009B11BD /* ContentView.swift in Sources */ = {isa = PBXBuildFile; fileRef = A629A30925EE9BD3009B11BD /* ContentView.swift */; };
		A629A30C25EE9BD5009B11BD /* Assets.xcassets in Resources */ = {isa = PBXBuildFile; fileRef = A629A30B25EE9BD5009B11BD /* Assets.xcassets */; };
		A629A30F25EE9BD5009B11BD /* Preview Assets.xcassets in Resources */ = {isa = PBXBuildFile; fileRef = A629A30E25EE9BD5009B11BD /* Preview Assets.xcassets */; };
		A629A32225EE9D3E009B11BD /* SplashView.swift in Sources */ = {isa = PBXBuildFile; fileRef = A629A32125EE9D3E009B11BD /* SplashView.swift */; };
		A629A32525EEA5B6009B11BD /* SplashItem.swift in Sources */ = {isa = PBXBuildFile; fileRef = A629A32425EEA5B6009B11BD /* SplashItem.swift */; };
/* End PBXBuildFile section */

/* Begin PBXFileReference section */
		A629A30425EE9BD3009B11BD /* TravelOnBoarding.app */ = {isa = PBXFileReference; explicitFileType = wrapper.application; includeInIndex = 0; path = TravelOnBoarding.app; sourceTree = BUILT_PRODUCTS_DIR; };
		A629A30725EE9BD3009B11BD /* TravelOnBoardingApp.swift */ = {isa = PBXFileReference; lastKnownFileType = sourcecode.swift; path = TravelOnBoardingApp.swift; sourceTree = "<group>"; };
		A629A30925EE9BD3009B11BD /* ContentView.swift */ = {isa = PBXFileReference; lastKnownFileType = sourcecode.swift; path = ContentView.swift; sourceTree = "<group>"; };
		A629A30B25EE9BD5009B11BD /* Assets.xcassets */ = {isa = PBXFileReference; lastKnownFileType = folder.assetcatalog; path = Assets.xcassets; sourceTree = "<group>"; };
		A629A30E25EE9BD5009B11BD /* Preview Assets.xcassets */ = {isa = PBXFileReference; lastKnownFileType = folder.assetcatalog; path = "Preview Assets.xcassets"; sourceTree = "<group>"; };
		A629A31025EE9BD5009B11BD /* Info.plist */ = {isa = PBXFileReference; lastKnownFileType = text.plist.xml; path = Info.plist; sourceTree = "<group>"; };
		A629A32125EE9D3E009B11BD /* SplashView.swift */ = {isa = PBXFileReference; lastKnownFileType = sourcecode.swift; path = SplashView.swift; sourceTree = "<group>"; };
		A629A32425EEA5B6009B11BD /* SplashItem.swift */ = {isa = PBXFileReference; lastKnownFileType = sourcecode.swift; path = SplashItem.swift; sourceTree = "<group>"; };
/* End PBXFileReference section */

/* Begin PBXFrameworksBuildPhase section */
		A629A30125EE9BD3009B11BD /* Frameworks */ = {
			isa = PBXFrameworksBuildPhase;
			buildActionMask = 2147483647;
			files = (
			);
			runOnlyForDeploymentPostprocessing = 0;
		};
/* End PBXFrameworksBuildPhase section */

/* Begin PBXGroup section */
		A629A2FB25EE9BD3009B11BD = {
			isa = PBXGroup;
			children = (
				A629A30625EE9BD3009B11BD /* TravelOnBoarding */,
				A629A30525EE9BD3009B11BD /* Products */,
			);
			sourceTree = "<group>";
		};
		A629A30525EE9BD3009B11BD /* Products */ = {
			isa = PBXGroup;
			children = (
				A629A30425EE9BD3009B11BD /* TravelOnBoarding.app */,
			);
			name = Products;
			sourceTree = "<group>";
		};
		A629A30625EE9BD3009B11BD /* TravelOnBoarding */ = {
			isa = PBXGroup;
			children = (
				A629A31725EE9C7B009B11BD /* View */,
				A629A30725EE9BD3009B11BD /* TravelOnBoardingApp.swift */,
				A629A30925EE9BD3009B11BD /* ContentView.swift */,
				A629A30B25EE9BD5009B11BD /* Assets.xcassets */,
				A629A31025EE9BD5009B11BD /* Info.plist */,
				A629A30D25EE9BD5009B11BD /* Preview Content */,
			);
			path = TravelOnBoarding;
			sourceTree = "<group>";
		};
		A629A30D25EE9BD5009B11BD /* Preview Content */ = {
			isa = PBXGroup;
			children = (
				A629A30E25EE9BD5009B11BD /* Preview Assets.xcassets */,
			);
			path = "Preview Content";
			sourceTree = "<group>";
		};
		A629A31725EE9C7B009B11BD /* View */ = {
			isa = PBXGroup;
			children = (
				A629A32125EE9D3E009B11BD /* SplashView.swift */,
				A629A32425EEA5B6009B11BD /* SplashItem.swift */,
			);
			path = View;
			sourceTree = "<group>";
		};
/* End PBXGroup section */

/* Begin PBXNativeTarget section */
		A629A30325EE9BD3009B11BD /* TravelOnBoarding */ = {
			isa = PBXNativeTarget;
			buildConfigurationList = A629A31325EE9BD5009B11BD /* Build configuration list for PBXNativeTarget "TravelOnBoarding" */;
			buildPhases = (
				A629A30025EE9BD3009B11BD /* Sources */,
				A629A30125EE9BD3009B11BD /* Frameworks */,
				A629A30225EE9BD3009B11BD /* Resources */,
			);
			buildRules = (
			);
			dependencies = (
			);
			name = TravelOnBoarding;
			productName = TravelOnBoarding;
			productReference = A629A30425EE9BD3009B11BD /* TravelOnBoarding.app */;
			productType = "com.apple.product-type.application";
		};
/* End PBXNativeTarget section */

/* Begin PBXProject section */
		A629A2FC25EE9BD3009B11BD /* Project object */ = {
			isa = PBXProject;
			attributes = {
				LastSwiftUpdateCheck = 1240;
				LastUpgradeCheck = 1240;
				TargetAttributes = {
					A629A30325EE9BD3009B11BD = {
						CreatedOnToolsVersion = 12.4;
					};
				};
			};
			buildConfigurationList = A629A2FF25EE9BD3009B11BD /* Build configuration list for PBXProject "TravelOnBoarding" */;
			compatibilityVersion = "Xcode 9.3";
			developmentRegion = en;
			hasScannedForEncodings = 0;
			knownRegions = (
				en,
				Base,
			);
			mainGroup = A629A2FB25EE9BD3009B11BD;
			productRefGroup = A629A30525EE9BD3009B11BD /* Products */;
			projectDirPath = "";
			projectRoot = "";
			targets = (
				A629A30325EE9BD3009B11BD /* TravelOnBoarding */,
			);
		};
/* End PBXProject section */

/* Begin PBXResourcesBuildPhase section */
		A629A30225EE9BD3009B11BD /* Resources */ = {
			isa = PBXResourcesBuildPhase;
			buildActionMask = 2147483647;
			files = (
				A629A30F25EE9BD5009B11BD /* Preview Assets.xcassets in Resources */,
				A629A30C25EE9BD5009B11BD /* Assets.xcassets in Resources */,
			);
			runOnlyForDeploymentPostprocessing = 0;
		};
/* End PBXResourcesBuildPhase section */

/* Begin PBXSourcesBuildPhase section */
		A629A30025EE9BD3009B11BD /* Sources */ = {
			isa = PBXSourcesBuildPhase;
			buildActionMask = 2147483647;
			files = (
				A629A30A25EE9BD3009B11BD /* ContentView.swift in Sources */,
				A629A32525EEA5B6009B11BD /* SplashItem.swift in Sources */,
				A629A30825EE9BD3009B11BD /* TravelOnBoardingApp.swift in Sources */,
				A629A32225EE9D3E009B11BD /* SplashView.swift in Sources */,
			);
			runOnlyForDeploymentPostprocessing = 0;
		};
/* End PBXSourcesBuildPhase section */

/* Begin XCBuildConfiguration section */
		A629A31125EE9BD5009B11BD /* Debug */ = {
			isa = XCBuildConfiguration;
			buildSettings = {
				ALWAYS_SEARCH_USER_PATHS = NO;
				CLANG_ANALYZER_NONNULL = YES;
				CLANG_ANALYZER_NUMBER_OBJECT_CONVERSION = YES_AGGRESSIVE;
				CLANG_CXX_LANGUAGE_STANDARD = "gnu++14";
				CLANG_CXX_LIBRARY = "libc++";
				CLANG_ENABLE_MODULES = YES;
				CLANG_ENABLE_OBJC_ARC = YES;
				CLANG_ENABLE_OBJC_WEAK = YES;
				CLANG_WARN_BLOCK_CAPTURE_AUTORELEASING = YES;
				CLANG_WARN_BOOL_CONVERSION = YES;
				CLANG_WARN_COMMA = YES;
				CLANG_WARN_CONSTANT_CONVERSION = YES;
				CLANG_WARN_DEPRECATED_OBJC_IMPLEMENTATIONS = YES;
				CLANG_WARN_DIRECT_OBJC_ISA_USAGE = YES_ERROR;
				CLANG_WARN_DOCUMENTATION_COMMENTS = YES;
				CLANG_WARN_EMPTY_BODY = YES;
				CLANG_WARN_ENUM_CONVERSION = YES;
				CLANG_WARN_INFINITE_RECURSION = YES;
				CLANG_WARN_INT_CONVERSION = YES;
				CLANG_WARN_NON_LITERAL_NULL_CONVERSION = YES;
				CLANG_WARN_OBJC_IMPLICIT_RETAIN_SELF = YES;
				CLANG_WARN_OBJC_LITERAL_CONVERSION = YES;
				CLANG_WARN_OBJC_ROOT_CLASS = YES_ERROR;
				CLANG_WARN_QUOTED_INCLUDE_IN_FRAMEWORK_HEADER = YES;
				CLANG_WARN_RANGE_LOOP_ANALYSIS = YES;
				CLANG_WARN_STRICT_PROTOTYPES = YES;
				CLANG_WARN_SUSPICIOUS_MOVE = YES;
				CLANG_WARN_UNGUARDED_AVAILABILITY = YES_AGGRESSIVE;
				CLANG_WARN_UNREACHABLE_CODE = YES;
				CLANG_WARN__DUPLICATE_METHOD_MATCH = YES;
				COPY_PHASE_STRIP = NO;
				DEBUG_INFORMATION_FORMAT = dwarf;
				ENABLE_STRICT_OBJC_MSGSEND = YES;
				ENABLE_TESTABILITY = YES;
				GCC_C_LANGUAGE_STANDARD = gnu11;
				GCC_DYNAMIC_NO_PIC = NO;
				GCC_NO_COMMON_BLOCKS = YES;
				GCC_OPTIMIZATION_LEVEL = 0;
				GCC_PREPROCESSOR_DEFINITIONS = (
					"DEBUG=1",
					"$(inherited)",
				);
				GCC_WARN_64_TO_32_BIT_CONVERSION = YES;
				GCC_WARN_ABOUT_RETURN_TYPE = YES_ERROR;
				GCC_WARN_UNDECLARED_SELECTOR = YES;
				GCC_WARN_UNINITIALIZED_AUTOS = YES_AGGRESSIVE;
				GCC_WARN_UNUSED_FUNCTION = YES;
				GCC_WARN_UNUSED_VARIABLE = YES;
				IPHONEOS_DEPLOYMENT_TARGET = 14.4;
				MTL_ENABLE_DEBUG_INFO = INCLUDE_SOURCE;
				MTL_FAST_MATH = YES;
				ONLY_ACTIVE_ARCH = YES;
				SDKROOT = iphoneos;
				SWIFT_ACTIVE_COMPILATION_CONDITIONS = DEBUG;
				SWIFT_OPTIMIZATION_LEVEL = "-Onone";
			};
			name = Debug;
		};
		A629A31225EE9BD5009B11BD /* Release */ = {
			isa = XCBuildConfiguration;
			buildSettings = {
				ALWAYS_SEARCH_USER_PATHS = NO;
				CLANG_ANALYZER_NONNULL = YES;
				CLANG_ANALYZER_NUMBER_OBJECT_CONVERSION = YES_AGGRESSIVE;
				CLANG_CXX_LANGUAGE_STANDARD = "gnu++14";
				CLANG_CXX_LIBRARY = "libc++";
				CLANG_ENABLE_MODULES = YES;
				CLANG_ENABLE_OBJC_ARC = YES;
				CLANG_ENABLE_OBJC_WEAK = YES;
				CLANG_WARN_BLOCK_CAPTURE_AUTORELEASING = YES;
				CLANG_WARN_BOOL_CONVERSION = YES;
				CLANG_WARN_COMMA = YES;
				CLANG_WARN_CONSTANT_CONVERSION = YES;
				CLANG_WARN_DEPRECATED_OBJC_IMPLEMENTATIONS = YES;
				CLANG_WARN_DIRECT_OBJC_ISA_USAGE = YES_ERROR;
				CLANG_WARN_DOCUMENTATION_COMMENTS = YES;
				CLANG_WARN_EMPTY_BODY = YES;
				CLANG_WARN_ENUM_CONVERSION = YES;
				CLANG_WARN_INFINITE_RECURSION = YES;
				CLANG_WARN_INT_CONVERSION = YES;
				CLANG_WARN_NON_LITERAL_NULL_CONVERSION = YES;
				CLANG_WARN_OBJC_IMPLICIT_RETAIN_SELF = YES;
				CLANG_WARN_OBJC_LITERAL_CONVERSION = YES;
				CLANG_WARN_OBJC_ROOT_CLASS = YES_ERROR;
				CLANG_WARN_QUOTED_INCLUDE_IN_FRAMEWORK_HEADER = YES;
				CLANG_WARN_RANGE_LOOP_ANALYSIS = YES;
				CLANG_WARN_STRICT_PROTOTYPES = YES;
				CLANG_WARN_SUSPICIOUS_MOVE = YES;
				CLANG_WARN_UNGUARDED_AVAILABILITY = YES_AGGRESSIVE;
				CLANG_WARN_UNREACHABLE_CODE = YES;
				CLANG_WARN__DUPLICATE_METHOD_MATCH = YES;
				COPY_PHASE_STRIP = NO;
				DEBUG_INFORMATION_FORMAT = "dwarf-with-dsym";
				ENABLE_NS_ASSERTIONS = NO;
				ENABLE_STRICT_OBJC_MSGSEND = YES;
				GCC_C_LANGUAGE_STANDARD = gnu11;
				GCC_NO_COMMON_BLOCKS = YES;
				GCC_WARN_64_TO_32_BIT_CONVERSION = YES;
				GCC_WARN_ABOUT_RETURN_TYPE = YES_ERROR;
				GCC_WARN_UNDECLARED_SELECTOR = YES;
				GCC_WARN_UNINITIALIZED_AUTOS = YES_AGGRESSIVE;
				GCC_WARN_UNUSED_FUNCTION = YES;
				GCC_WARN_UNUSED_VARIABLE = YES;
				IPHONEOS_DEPLOYMENT_TARGET = 14.4;
				MTL_ENABLE_DEBUG_INFO = NO;
				MTL_FAST_MATH = YES;
				SDKROOT = iphoneos;
				SWIFT_COMPILATION_MODE = wholemodule;
				SWIFT_OPTIMIZATION_LEVEL = "-O";
				VALIDATE_PRODUCT = YES;
			};
			name = Release;
		};
		A629A31425EE9BD5009B11BD /* Debug */ = {
			isa = XCBuildConfiguration;
			buildSettings = {
				ASSETCATALOG_COMPILER_APPICON_NAME = AppIcon;
				ASSETCATALOG_COMPILER_GLOBAL_ACCENT_COLOR_NAME = AccentColor;
				CODE_SIGN_STYLE = Automatic;
				DEVELOPMENT_ASSET_PATHS = "\"TravelOnBoarding/Preview Content\"";
				DEVELOPMENT_TEAM = 5ZSUA7833L;
				ENABLE_PREVIEWS = YES;
				INFOPLIST_FILE = TravelOnBoarding/Info.plist;
				IPHONEOS_DEPLOYMENT_TARGET = 14.0;
				LD_RUNPATH_SEARCH_PATHS = (
					"$(inherited)",
					"@executable_path/Frameworks",
				);
				PRODUCT_BUNDLE_IDENTIFIER = com.github.luthfipun.TravelOnBoarding;
				PRODUCT_NAME = "$(TARGET_NAME)";
				SWIFT_VERSION = 5.0;
				TARGETED_DEVICE_FAMILY = "1,2";
			};
			name = Debug;
		};
		A629A31525EE9BD5009B11BD /* Release */ = {
			isa = XCBuildConfiguration;
			buildSettings = {
				ASSETCATALOG_COMPILER_APPICON_NAME = AppIcon;
				ASSETCATALOG_COMPILER_GLOBAL_ACCENT_COLOR_NAME = AccentColor;
				CODE_SIGN_STYLE = Automatic;
				DEVELOPMENT_ASSET_PATHS = "\"TravelOnBoarding/Preview Content\"";
				DEVELOPMENT_TEAM = 5ZSUA7833L;
				ENABLE_PREVIEWS = YES;
				INFOPLIST_FILE = TravelOnBoarding/Info.plist;
				IPHONEOS_DEPLOYMENT_TARGET = 14.0;
				LD_RUNPATH_SEARCH_PATHS = (
					"$(inherited)",
					"@executable_path/Frameworks",
				);
				PRODUCT_BUNDLE_IDENTIFIER = com.github.luthfipun.TravelOnBoarding;
				PRODUCT_NAME = "$(TARGET_NAME)";
				SWIFT_VERSION = 5.0;
				TARGETED_DEVICE_FAMILY = "1,2";
			};
			name = Release;
		};
/* End XCBuildConfiguration section */

/* Begin XCConfigurationList section */
		A629A2FF25EE9BD3009B11BD /* Build configuration list for PBXProject "TravelOnBoarding" */ = {
			isa = XCConfigurationList;
			buildConfigurations = (
				A629A31125EE9BD5009B11BD /* Debug */,
				A629A31225EE9BD5009B11BD /* Release */,
			);
			defaultConfigurationIsVisible = 0;
			defaultConfigurationName = Release;
		};
		A629A31325EE9BD5009B11BD /* Build configuration list for PBXNativeTarget "TravelOnBoarding" */ = {
			isa = XCConfigurationList;
			buildConfigurations = (
				A629A31425EE9BD5009B11BD /* Debug */,
				A629A31525EE9BD5009B11BD /* Release */,
			);
			defaultConfigurationIsVisible = 0;
			defaultConfigurationName = Release;
		};
/* End XCConfigurationList section */
	};
	rootObject = A629A2FC25EE9BD3009B11BD /* Project object */;
}
